
Microsoft Visual Studio Solution File, Format Version 12.00
# Visual Studio Version 16
VisualStudioVersion = 16.0.810.25
MinimumVisualStudioVersion = 10.0.40219.1
Project("{FAE04EC0-301F-11D3-BF4B-00C04F79EFBC}") = "Classes", "Classes\Classes.csproj", "{64CD9498-DD13-40CB-8570-EF3545CD26AB}"
EndProject
Project("{FAE04EC0-301F-11D3-BF4B-00C04F79EFBC}") = "ClassProperties", "ClassProperties\ClassProperties.csproj", "{EAA7E902-4BF4-4AB3-977A-4E4123FF94C5}"
EndProject
Project("{FAE04EC0-301F-11D3-BF4B-00C04F79EFBC}") = "Encapsulation", "Encapsulation\Encapsulation.csproj", "{0D0AC140-6005-49A7-A3C2-130B84AC492F}"
EndProject
Project("{FAE04EC0-301F-11D3-BF4B-00C04F79EFBC}") = "Enum", "Enum\Enum.csproj", "{16FE1330-9828-4E42-B4CB-4267399D1A34}"
EndProject
Project("{FAE04EC0-301F-11D3-BF4B-00C04F79EFBC}") = "BilgisayarOrnegi", "BilgisayarOrnegi\BilgisayarOrnegi.csproj", "{2F5FD8C5-D6CB-45C6-8EF3-7D9C43DD9980}"
EndProject
Project("{FAE04EC0-301F-11D3-BF4B-00C04F79EFBC}") = "RentACar", "RentACar\RentACar.csproj", "{870D5890-32C7-4281-8731-02E1972BD8D6}"
EndProject
Project("{FAE04EC0-301F-11D3-BF4B-00C04F79EFBC}") = "CemDeneme", "CemDeneme\CemDeneme.csproj", "{56C01867-F35D-4964-BDCB-4327DAD5B1AA}"
EndProject
Global
	GlobalSection(SolutionConfigurationPlatforms) = preSolution
		Debug|Any CPU = Debug|Any CPU
		Release|Any CPU = Release|Any CPU
	EndGlobalSection
	GlobalSection(ProjectConfigurationPlatforms) = postSolution
		{64CD9498-DD13-40CB-8570-EF3545CD26AB}.Debug|Any CPU.ActiveCfg = Debug|Any CPU
		{64CD9498-DD13-40CB-8570-EF3545CD26AB}.Debug|Any CPU.Build.0 = Debug|Any CPU
		{64CD9498-DD13-40CB-8570-EF3545CD26AB}.Release|Any CPU.ActiveCfg = Release|Any CPU
		{64CD9498-DD13-40CB-8570-EF3545CD26AB}.Release|Any CPU.Build.0 = Release|Any CPU
		{EAA7E902-4BF4-4AB3-977A-4E4123FF94C5}.Debug|Any CPU.ActiveCfg = Debug|Any CPU
		{EAA7E902-4BF4-4AB3-977A-4E4123FF94C5}.Debug|Any CPU.Build.0 = Debug|Any CPU
		{EAA7E902-4BF4-4AB3-977A-4E4123FF94C5}.Release|Any CPU.ActiveCfg = Release|Any CPU
		{EAA7E902-4BF4-4AB3-977A-4E4123FF94C5}.Release|Any CPU.Build.0 = Release|Any CPU
		{0D0AC140-6005-49A7-A3C2-130B84AC492F}.Debug|Any CPU.ActiveCfg = Debug|Any CPU
		{0D0AC140-6005-49A7-A3C2-130B84AC492F}.Debug|Any CPU.Build.0 = Debug|Any CPU
		{0D0AC140-6005-49A7-A3C2-130B84AC492F}.Release|Any CPU.ActiveCfg = Release|Any CPU
		{0D0AC140-6005-49A7-A3C2-130B84AC492F}.Release|Any CPU.Build.0 = Release|Any CPU
		{16FE1330-9828-4E42-B4CB-4267399D1A34}.Debug|Any CPU.ActiveCfg = Debug|Any CPU
		{16FE1330-9828-4E42-B4CB-4267399D1A34}.Debug|Any CPU.Build.0 = Debug|Any CPU
		{16FE1330-9828-4E42-B4CB-4267399D1A34}.Release|Any CPU.ActiveCfg = Release|Any CPU
		{16FE1330-9828-4E42-B4CB-4267399D1A34}.Release|Any CPU.Build.0 = Release|Any CPU
		{2F5FD8C5-D6CB-45C6-8EF3-7D9C43DD9980}.Debug|Any CPU.ActiveCfg = Debug|Any CPU
		{2F5FD8C5-D6CB-45C6-8EF3-7D9C43DD9980}.Debug|Any CPU.Build.0 = Debug|Any CPU
		{2F5FD8C5-D6CB-45C6-8EF3-7D9C43DD9980}.Release|Any CPU.ActiveCfg = Release|Any CPU
		{2F5FD8C5-D6CB-45C6-8EF3-7D9C43DD9980}.Release|Any CPU.Build.0 = Release|Any CPU
		{870D5890-32C7-4281-8731-02E1972BD8D6}.Debug|Any CPU.ActiveCfg = Debug|Any CPU
		{870D5890-32C7-4281-8731-02E1972BD8D6}.Debug|Any CPU.Build.0 = Debug|Any CPU
		{870D5890-32C7-4281-8731-02E1972BD8D6}.Release|Any CPU.ActiveCfg = Release|Any CPU
		{870D5890-32C7-4281-8731-02E1972BD8D6}.Release|Any CPU.Build.0 = Release|Any CPU
		{56C01867-F35D-4964-BDCB-4327DAD5B1AA}.Debug|Any CPU.ActiveCfg = Debug|Any CPU
		{56C01867-F35D-4964-BDCB-4327DAD5B1AA}.Debug|Any CPU.Build.0 = Debug|Any CPU
		{56C01867-F35D-4964-BDCB-4327DAD5B1AA}.Release|Any CPU.ActiveCfg = Release|Any CPU
		{56C01867-F35D-4964-BDCB-4327DAD5B1AA}.Release|Any CPU.Build.0 = Release|Any CPU
	EndGlobalSection
	GlobalSection(SolutionProperties) = preSolution
		HideSolutionNode = FALSE
	EndGlobalSection
	GlobalSection(ExtensibilityGlobals) = postSolution
		SolutionGuid = {45B473BD-2EBA-4C25-B9DE-C5D27225B061}
	EndGlobalSection
EndGlobal
